
Microsoft Visual Studio Solution File, Format Version 12.00
Project("{FAE04EC0-301F-11D3-BF4B-00C04F79EFBC}") = "Paint", "Paint\Paint.csproj", "{125B4FA9-88FB-45FD-9408-F6A26959A42D}"
EndProject
Global
	GlobalSection(SolutionConfigurationPlatforms) = preSolution
		Debug|Any CPU = Debug|Any CPU
		Release|Any CPU = Release|Any CPU
	EndGlobalSection
	GlobalSection(ProjectConfigurationPlatforms) = postSolution
		{125B4FA9-88FB-45FD-9408-F6A26959A42D}.Debug|Any CPU.ActiveCfg = Debug|Any CPU
		{125B4FA9-88FB-45FD-9408-F6A26959A42D}.Debug|Any CPU.Build.0 = Debug|Any CPU
		{125B4FA9-88FB-45FD-9408-F6A26959A42D}.Release|Any CPU.ActiveCfg = Release|Any CPU
		{125B4FA9-88FB-45FD-9408-F6A26959A42D}.Release|Any CPU.Build.0 = Release|Any CPU
	EndGlobalSection
EndGlobal
